# This file is automatically @generated by Cargo.
# It is not intended for manual editing.
version = 4

[[package]]
name = "strand-core"
version = "0.1.0"
dependencies = [
 "twox-hash",
]

[[package]]
name = "twox-hash"
version = "2.1.3"
source = "registry+https://github.com/rust-lang/crates.io-index"
checksum = "8464ec13c3691491391d9fce00f6416c9a48e46972f72d7865688be2080192c9"
